
Microsoft Visual Studio Solution File, Format Version 12.00
# Visual Studio Version 16
VisualStudioVersion = 16.0.33927.289
MinimumVisualStudioVersion = 10.0.40219.1
Project("{FAE04EC0-301F-11D3-BF4B-00C04F79EFBC}") = "FitnessTrackerApp", "FitnessTrackerApp.csproj", "{CE0769B3-FA98-4B2B-BAAE-121EF41CDC7C}"
EndProject
Global
	GlobalSection(SolutionConfigurationPlatforms) = preSolution
		Debug|Any CPU = Debug|Any CPU
		Release|Any CPU = Release|Any CPU
	EndGlobalSection
	GlobalSection(ProjectConfigurationPlatforms) = postSolution
		{CE0769B3-FA98-4B2B-BAAE-121EF41CDC7C}.Debug|Any CPU.ActiveCfg = Debug|Any CPU
		{CE0769B3-FA98-4B2B-BAAE-121EF41CDC7C}.Debug|Any CPU.Build.0 = Debug|Any CPU
		{CE0769B3-FA98-4B2B-BAAE-121EF41CDC7C}.Release|Any CPU.ActiveCfg = Release|Any CPU
		{CE0769B3-FA98-4B2B-BAAE-121EF41CDC7C}.Release|Any CPU.Build.0 = Release|Any CPU
	EndGlobalSection
	GlobalSection(SolutionProperties) = preSolution
		HideSolutionNode = FALSE
	EndGlobalSection
	GlobalSection(ExtensibilityGlobals) = postSolution
		SolutionGuid = {63A01111-7A2C-4D43-B739-6A9FBB1C3549}
	EndGlobalSection
EndGlobal
